
Microsoft Visual Studio Solution File, Format Version 12.00
# Visual Studio 2012
Project("{FAE04EC0-301F-11D3-BF4B-00C04F79EFBC}") = "CustomNavigationPage", "CustomNavigationPage\CustomNavigationPage.csproj", "{A340D732-80F5-41DE-BBC0-8F28E0D82259}"
EndProject
Project("{FAE04EC0-301F-11D3-BF4B-00C04F79EFBC}") = "CustomNavigationPage.iOS", "iOS\CustomNavigationPage.iOS.csproj", "{B4C324FF-BE5A-4813-94D4-E51BF8D980DB}"
EndProject
Project("{FAE04EC0-301F-11D3-BF4B-00C04F79EFBC}") = "CustomNavigationPage.Droid", "Droid\CustomNavigationPage.Droid.csproj", "{92EC4512-E46C-499A-B754-7FCF9DE87E02}"
EndProject
Global
	GlobalSection(SolutionConfigurationPlatforms) = preSolution
		Debug|Any CPU = Debug|Any CPU
		Release|Any CPU = Release|Any CPU
		Debug|iPhoneSimulator = Debug|iPhoneSimulator
		Release|iPhone = Release|iPhone
		Release|iPhoneSimulator = Release|iPhoneSimulator
		Debug|iPhone = Debug|iPhone
	EndGlobalSection
	GlobalSection(ProjectConfigurationPlatforms) = postSolution
		{A340D732-80F5-41DE-BBC0-8F28E0D82259}.Debug|Any CPU.ActiveCfg = Debug|Any CPU
		{A340D732-80F5-41DE-BBC0-8F28E0D82259}.Debug|Any CPU.Build.0 = Debug|Any CPU
		{A340D732-80F5-41DE-BBC0-8F28E0D82259}.Release|Any CPU.ActiveCfg = Release|Any CPU
		{A340D732-80F5-41DE-BBC0-8F28E0D82259}.Release|Any CPU.Build.0 = Release|Any CPU
		{A340D732-80F5-41DE-BBC0-8F28E0D82259}.Debug|iPhoneSimulator.ActiveCfg = Debug|Any CPU
		{A340D732-80F5-41DE-BBC0-8F28E0D82259}.Debug|iPhoneSimulator.Build.0 = Debug|Any CPU
		{A340D732-80F5-41DE-BBC0-8F28E0D82259}.Release|iPhone.ActiveCfg = Release|Any CPU
		{A340D732-80F5-41DE-BBC0-8F28E0D82259}.Release|iPhone.Build.0 = Release|Any CPU
		{A340D732-80F5-41DE-BBC0-8F28E0D82259}.Release|iPhoneSimulator.ActiveCfg = Release|Any CPU
		{A340D732-80F5-41DE-BBC0-8F28E0D82259}.Release|iPhoneSimulator.Build.0 = Release|Any CPU
		{A340D732-80F5-41DE-BBC0-8F28E0D82259}.Debug|iPhone.ActiveCfg = Debug|Any CPU
		{A340D732-80F5-41DE-BBC0-8F28E0D82259}.Debug|iPhone.Build.0 = Debug|Any CPU
		{B4C324FF-BE5A-4813-94D4-E51BF8D980DB}.Debug|Any CPU.ActiveCfg = Debug|iPhoneSimulator
		{B4C324FF-BE5A-4813-94D4-E51BF8D980DB}.Debug|Any CPU.Build.0 = Debug|iPhoneSimulator
		{B4C324FF-BE5A-4813-94D4-E51BF8D980DB}.Release|Any CPU.ActiveCfg = Release|iPhone
		{B4C324FF-BE5A-4813-94D4-E51BF8D980DB}.Release|Any CPU.Build.0 = Release|iPhone
		{B4C324FF-BE5A-4813-94D4-E51BF8D980DB}.Debug|iPhoneSimulator.ActiveCfg = Debug|iPhoneSimulator
		{B4C324FF-BE5A-4813-94D4-E51BF8D980DB}.Debug|iPhoneSimulator.Build.0 = Debug|iPhoneSimulator
		{B4C324FF-BE5A-4813-94D4-E51BF8D980DB}.Release|iPhone.ActiveCfg = Release|iPhone
		{B4C324FF-BE5A-4813-94D4-E51BF8D980DB}.Release|iPhone.Build.0 = Release|iPhone
		{B4C324FF-BE5A-4813-94D4-E51BF8D980DB}.Release|iPhoneSimulator.ActiveCfg = Release|iPhoneSimulator
		{B4C324FF-BE5A-4813-94D4-E51BF8D980DB}.Release|iPhoneSimulator.Build.0 = Release|iPhoneSimulator
		{B4C324FF-BE5A-4813-94D4-E51BF8D980DB}.Debug|iPhone.ActiveCfg = Debug|iPhone
		{B4C324FF-BE5A-4813-94D4-E51BF8D980DB}.Debug|iPhone.Build.0 = Debug|iPhone
		{92EC4512-E46C-499A-B754-7FCF9DE87E02}.Debug|Any CPU.ActiveCfg = Debug|Any CPU
		{92EC4512-E46C-499A-B754-7FCF9DE87E02}.Debug|Any CPU.Build.0 = Debug|Any CPU
		{92EC4512-E46C-499A-B754-7FCF9DE87E02}.Release|Any CPU.ActiveCfg = Release|Any CPU
		{92EC4512-E46C-499A-B754-7FCF9DE87E02}.Release|Any CPU.Build.0 = Release|Any CPU
		{92EC4512-E46C-499A-B754-7FCF9DE87E02}.Debug|iPhoneSimulator.ActiveCfg = Debug|Any CPU
		{92EC4512-E46C-499A-B754-7FCF9DE87E02}.Debug|iPhoneSimulator.Build.0 = Debug|Any CPU
		{92EC4512-E46C-499A-B754-7FCF9DE87E02}.Release|iPhone.ActiveCfg = Release|Any CPU
		{92EC4512-E46C-499A-B754-7FCF9DE87E02}.Release|iPhone.Build.0 = Release|Any CPU
		{92EC4512-E46C-499A-B754-7FCF9DE87E02}.Release|iPhoneSimulator.ActiveCfg = Release|Any CPU
		{92EC4512-E46C-499A-B754-7FCF9DE87E02}.Release|iPhoneSimulator.Build.0 = Release|Any CPU
		{92EC4512-E46C-499A-B754-7FCF9DE87E02}.Debug|iPhone.ActiveCfg = Debug|Any CPU
		{92EC4512-E46C-499A-B754-7FCF9DE87E02}.Debug|iPhone.Build.0 = Debug|Any CPU
	EndGlobalSection
EndGlobal
